// !$*UTF8*$!
{
	archiveVersion = 1;
	classes = {
	};
	objectVersion = 46;
	objects = {

/* Begin PBXBuildFile section */
		2921E6B61CCAE6BC00D00DB9 /* AppDelegate.swift in Sources */ = {isa = PBXBuildFile; fileRef = 2921E6B51CCAE6BC00D00DB9 /* AppDelegate.swift */; };
		2921E6B81CCAE6BC00D00DB9 /* ViewController.swift in Sources */ = {isa = PBXBuildFile; fileRef = 2921E6B71CCAE6BC00D00DB9 /* ViewController.swift */; };
		2921E6BB1CCAE6BC00D00DB9 /* Main.storyboard in Resources */ = {isa = PBXBuildFile; fileRef = 2921E6B91CCAE6BC00D00DB9 /* Main.storyboard */; };
		2921E6BD1CCAE6BC00D00DB9 /* Assets.xcassets in Resources */ = {isa = PBXBuildFile; fileRef = 2921E6BC1CCAE6BC00D00DB9 /* Assets.xcassets */; };
		2921E6C01CCAE6BC00D00DB9 /* LaunchScreen.storyboard in Resources */ = {isa = PBXBuildFile; fileRef = 2921E6BE1CCAE6BC00D00DB9 /* LaunchScreen.storyboard */; };
		2921E6CB1CCAE6BC00D00DB9 /* Lab1_ECE158BTests.swift in Sources */ = {isa = PBXBuildFile; fileRef = 2921E6CA1CCAE6BC00D00DB9 /* Lab1_ECE158BTests.swift */; };
		2921E6D61CCAE6BC00D00DB9 /* Lab1_ECE158BUITests.swift in Sources */ = {isa = PBXBuildFile; fileRef = 2921E6D51CCAE6BC00D00DB9 /* Lab1_ECE158BUITests.swift */; };
		2921E6E61CCB02BB00D00DB9 /* PlayersViewController.swift in Sources */ = {isa = PBXBuildFile; fileRef = 2921E6E51CCB02BB00D00DB9 /* PlayersViewController.swift */; };
		2921E6EA1CCB03DD00D00DB9 /* Players.swift in Sources */ = {isa = PBXBuildFile; fileRef = 2921E6E91CCB03DD00D00DB9 /* Players.swift */; };
		2921E6EC1CCB045900D00DB9 /* SampleData.swift in Sources */ = {isa = PBXBuildFile; fileRef = 2921E6EB1CCB045900D00DB9 /* SampleData.swift */; };
		2976BBA51CDFFBFB0006535D /* PlayerDetailsViewController.swift in Sources */ = {isa = PBXBuildFile; fileRef = 2976BBA41CDFFBFB0006535D /* PlayerDetailsViewController.swift */; };
		2976BBA71CE01E8F0006535D /* GamePickerViewController.swift in Sources */ = {isa = PBXBuildFile; fileRef = 2976BBA61CE01E8F0006535D /* GamePickerViewController.swift */; };
/* End PBXBuildFile section */

/* Begin PBXContainerItemProxy section */
		2921E6C71CCAE6BC00D00DB9 /* PBXContainerItemProxy */ = {
			isa = PBXContainerItemProxy;
			containerPortal = 2921E6AA1CCAE6BC00D00DB9 /* Project object */;
			proxyType = 1;
			remoteGlobalIDString = 2921E6B11CCAE6BC00D00DB9;
			remoteInfo = Lab1_ECE158B;
		};
		2921E6D21CCAE6BC00D00DB9 /* PBXContainerItemProxy */ = {
			isa = PBXContainerItemProxy;
			containerPortal = 2921E6AA1CCAE6BC00D00DB9 /* Project object */;
			proxyType = 1;
			remoteGlobalIDString = 2921E6B11CCAE6BC00D00DB9;
			remoteInfo = Lab1_ECE158B;
		};
/* End PBXContainerItemProxy section */

/* Begin PBXFileReference section */
		2921E6B21CCAE6BC00D00DB9 /* Lab1_ECE158B.app */ = {isa = PBXFileReference; explicitFileType = wrapper.application; includeInIndex = 0; path = Lab1_ECE158B.app; sourceTree = BUILT_PRODUCTS_DIR; };
		2921E6B51CCAE6BC00D00DB9 /* AppDelegate.swift */ = {isa = PBXFileReference; lastKnownFileType = sourcecode.swift; path = AppDelegate.swift; sourceTree = "<group>"; };
		2921E6B71CCAE6BC00D00DB9 /* ViewController.swift */ = {isa = PBXFileReference; lastKnownFileType = sourcecode.swift; path = ViewController.swift; sourceTree = "<group>"; };
		2921E6BA1CCAE6BC00D00DB9 /* Base */ = {isa = PBXFileReference; lastKnownFileType = file.storyboard; name = Base; path = Base.lproj/Main.storyboard; sourceTree = "<group>"; };
		2921E6BC1CCAE6BC00D00DB9 /* Assets.xcassets */ = {isa = PBXFileReference; lastKnownFileType = folder.assetcatalog; path = Assets.xcassets; sourceTree = "<group>"; };
		2921E6BF1CCAE6BC00D00DB9 /* Base */ = {isa = PBXFileReference; lastKnownFileType = file.storyboard; name = Base; path = Base.lproj/LaunchScreen.storyboard; sourceTree = "<group>"; };
		2921E6C11CCAE6BC00D00DB9 /* Info.plist */ = {isa = PBXFileReference; lastKnownFileType = text.plist.xml; path = Info.plist; sourceTree = "<group>"; };
		2921E6C61CCAE6BC00D00DB9 /* Lab1_ECE158BTests.xctest */ = {isa = PBXFileReference; explicitFileType = wrapper.cfbundle; includeInIndex = 0; path = Lab1_ECE158BTests.xctest; sourceTree = BUILT_PRODUCTS_DIR; };
		2921E6CA1CCAE6BC00D00DB9 /* Lab1_ECE158BTests.swift */ = {isa = PBXFileReference; lastKnownFileType = sourcecode.swift; path = Lab1_ECE158BTests.swift; sourceTree = "<group>"; };
		2921E6CC1CCAE6BC00D00DB9 /* Info.plist */ = {isa = PBXFileReference; lastKnownFileType = text.plist.xml; path = Info.plist; sourceTree = "<group>"; };
		2921E6D11CCAE6BC00D00DB9 /* Lab1_ECE158BUITests.xctest */ = {isa = PBXFileReference; explicitFileType = wrapper.cfbundle; includeInIndex = 0; path = Lab1_ECE158BUITests.xctest; sourceTree = BUILT_PRODUCTS_DIR; };
		2921E6D51CCAE6BC00D00DB9 /* Lab1_ECE158BUITests.swift */ = {isa = PBXFileReference; lastKnownFileType = sourcecode.swift; path = Lab1_ECE158BUITests.swift; sourceTree = "<group>"; };
		2921E6D71CCAE6BC00D00DB9 /* Info.plist */ = {isa = PBXFileReference; lastKnownFileType = text.plist.xml; path = Info.plist; sourceTree = "<group>"; };
		2921E6E51CCB02BB00D00DB9 /* PlayersViewController.swift */ = {isa = PBXFileReference; fileEncoding = 4; lastKnownFileType = sourcecode.swift; path = PlayersViewController.swift; sourceTree = "<group>"; };
		2921E6E91CCB03DD00D00DB9 /* Players.swift */ = {isa = PBXFileReference; fileEncoding = 4; lastKnownFileType = sourcecode.swift; path = Players.swift; sourceTree = "<group>"; };
		2921E6EB1CCB045900D00DB9 /* SampleData.swift */ = {isa = PBXFileReference; fileEncoding = 4; lastKnownFileType = sourcecode.swift; path = SampleData.swift; sourceTree = "<group>"; };
		2976BBA41CDFFBFB0006535D /* PlayerDetailsViewController.swift */ = {isa = PBXFileReference; fileEncoding = 4; lastKnownFileType = sourcecode.swift; path = PlayerDetailsViewController.swift; sourceTree = "<group>"; };
		2976BBA61CE01E8F0006535D /* GamePickerViewController.swift */ = {isa = PBXFileReference; fileEncoding = 4; lastKnownFileType = sourcecode.swift; path = GamePickerViewController.swift; sourceTree = "<group>"; };
/* End PBXFileReference section */

/* Begin PBXFrameworksBuildPhase section */
		2921E6AF1CCAE6BC00D00DB9 /* Frameworks */ = {
			isa = PBXFrameworksBuildPhase;
			buildActionMask = 2147483647;
			files = (
			);
			runOnlyForDeploymentPostprocessing = 0;
		};
		2921E6C31CCAE6BC00D00DB9 /* Frameworks */ = {
			isa = PBXFrameworksBuildPhase;
			buildActionMask = 2147483647;
			files = (
			);
			runOnlyForDeploymentPostprocessing = 0;
		};
		2921E6CE1CCAE6BC00D00DB9 /* Frameworks */ = {
			isa = PBXFrameworksBuildPhase;
			buildActionMask = 2147483647;
			files = (
			);
			runOnlyForDeploymentPostprocessing = 0;
		};
/* End PBXFrameworksBuildPhase section */

/* Begin PBXGroup section */
		2921E6A91CCAE6BC00D00DB9 = {
			isa = PBXGroup;
			children = (
				2921E6B41CCAE6BC00D00DB9 /* Lab1_ECE158B */,
				2921E6C91CCAE6BC00D00DB9 /* Lab1_ECE158BTests */,
				2921E6D41CCAE6BC00D00DB9 /* Lab1_ECE158BUITests */,
				2921E6B31CCAE6BC00D00DB9 /* Products */,
			);
			sourceTree = "<group>";
		};
		2921E6B31CCAE6BC00D00DB9 /* Products */ = {
			isa = PBXGroup;
			children = (
				2921E6B21CCAE6BC00D00DB9 /* Lab1_ECE158B.app */,
				2921E6C61CCAE6BC00D00DB9 /* Lab1_ECE158BTests.xctest */,
				2921E6D11CCAE6BC00D00DB9 /* Lab1_ECE158BUITests.xctest */,
			);
			name = Products;
			sourceTree = "<group>";
		};
		2921E6B41CCAE6BC00D00DB9 /* Lab1_ECE158B */ = {
			isa = PBXGroup;
			children = (
				2921E6B51CCAE6BC00D00DB9 /* AppDelegate.swift */,
				2921E6B71CCAE6BC00D00DB9 /* ViewController.swift */,
				2921E6B91CCAE6BC00D00DB9 /* Main.storyboard */,
				2921E6BC1CCAE6BC00D00DB9 /* Assets.xcassets */,
				2921E6BE1CCAE6BC00D00DB9 /* LaunchScreen.storyboard */,
				2921E6C11CCAE6BC00D00DB9 /* Info.plist */,
				2921E6E51CCB02BB00D00DB9 /* PlayersViewController.swift */,
				2921E6E91CCB03DD00D00DB9 /* Players.swift */,
				2921E6EB1CCB045900D00DB9 /* SampleData.swift */,
				2976BBA41CDFFBFB0006535D /* PlayerDetailsViewController.swift */,
				2976BBA61CE01E8F0006535D /* GamePickerViewController.swift */,
			);
			path = Lab1_ECE158B;
			sourceTree = "<group>";
		};
		2921E6C91CCAE6BC00D00DB9 /* Lab1_ECE158BTests */ = {
			isa = PBXGroup;
			children = (
				2921E6CA1CCAE6BC00D00DB9 /* Lab1_ECE158BTests.swift */,
				2921E6CC1CCAE6BC00D00DB9 /* Info.plist */,
			);
			path = Lab1_ECE158BTests;
			sourceTree = "<group>";
		};
		2921E6D41CCAE6BC00D00DB9 /* Lab1_ECE158BUITests */ = {
			isa = PBXGroup;
			children = (
				2921E6D51CCAE6BC00D00DB9 /* Lab1_ECE158BUITests.swift */,
				2921E6D71CCAE6BC00D00DB9 /* Info.plist */,
			);
			path = Lab1_ECE158BUITests;
			sourceTree = "<group>";
		};
/* End PBXGroup section */

/* Begin PBXNativeTarget section */
		2921E6B11CCAE6BC00D00DB9 /* Lab1_ECE158B */ = {
			isa = PBXNativeTarget;
			buildConfigurationList = 2921E6DA1CCAE6BC00D00DB9 /* Build configuration list for PBXNativeTarget "Lab1_ECE158B" */;
			buildPhases = (
				2921E6AE1CCAE6BC00D00DB9 /* Sources */,
				2921E6AF1CCAE6BC00D00DB9 /* Frameworks */,
				2921E6B01CCAE6BC00D00DB9 /* Resources */,
			);
			buildRules = (
			);
			dependencies = (
			);
			name = Lab1_ECE158B;
			productName = Lab1_ECE158B;
			productReference = 2921E6B21CCAE6BC00D00DB9 /* Lab1_ECE158B.app */;
			productType = "com.apple.product-type.application";
		};
		2921E6C51CCAE6BC00D00DB9 /* Lab1_ECE158BTests */ = {
			isa = PBXNativeTarget;
			buildConfigurationList = 2921E6DD1CCAE6BC00D00DB9 /* Build configuration list for PBXNativeTarget "Lab1_ECE158BTests" */;
			buildPhases = (
				2921E6C21CCAE6BC00D00DB9 /* Sources */,
				2921E6C31CCAE6BC00D00DB9 /* Frameworks */,
				2921E6C41CCAE6BC00D00DB9 /* Resources */,
			);
			buildRules = (
			);
			dependencies = (
				2921E6C81CCAE6BC00D00DB9 /* PBXTargetDependency */,
			);
			name = Lab1_ECE158BTests;
			productName = Lab1_ECE158BTests;
			productReference = 2921E6C61CCAE6BC00D00DB9 /* Lab1_ECE158BTests.xctest */;
			productType = "com.apple.product-type.bundle.unit-test";
		};
		2921E6D01CCAE6BC00D00DB9 /* Lab1_ECE158BUITests */ = {
			isa = PBXNativeTarget;
			buildConfigurationList = 2921E6E01CCAE6BC00D00DB9 /* Build configuration list for PBXNativeTarget "Lab1_ECE158BUITests" */;
			buildPhases = (
				2921E6CD1CCAE6BC00D00DB9 /* Sources */,
				2921E6CE1CCAE6BC00D00DB9 /* Frameworks */,
				2921E6CF1CCAE6BC00D00DB9 /* Resources */,
			);
			buildRules = (
			);
			dependencies = (
				2921E6D31CCAE6BC00D00DB9 /* PBXTargetDependency */,
			);
			name = Lab1_ECE158BUITests;
			productName = Lab1_ECE158BUITests;
			productReference = 2921E6D11CCAE6BC00D00DB9 /* Lab1_ECE158BUITests.xctest */;
			productType = "com.apple.product-type.bundle.ui-testing";
		};
/* End PBXNativeTarget section */

/* Begin PBXProject section */
		2921E6AA1CCAE6BC00D00DB9 /* Project object */ = {
			isa = PBXProject;
			attributes = {
				LastSwiftUpdateCheck = 0730;
				LastUpgradeCheck = 0730;
				ORGANIZATIONNAME = "Hanne Inez Wolff";
				TargetAttributes = {
					2921E6B11CCAE6BC00D00DB9 = {
						CreatedOnToolsVersion = 7.3;
					};
					2921E6C51CCAE6BC00D00DB9 = {
						CreatedOnToolsVersion = 7.3;
						TestTargetID = 2921E6B11CCAE6BC00D00DB9;
					};
					2921E6D01CCAE6BC00D00DB9 = {
						CreatedOnToolsVersion = 7.3;
						TestTargetID = 2921E6B11CCAE6BC00D00DB9;
					};
				};
			};
			buildConfigurationList = 2921E6AD1CCAE6BC00D00DB9 /* Build configuration list for PBXProject "Lab1_ECE158B" */;
			compatibilityVersion = "Xcode 3.2";
			developmentRegion = English;
			hasScannedForEncodings = 0;
			knownRegions = (
				en,
				Base,
			);
			mainGroup = 2921E6A91CCAE6BC00D00DB9;
			productRefGroup = 2921E6B31CCAE6BC00D00DB9 /* Products */;
			projectDirPath = "";
			projectRoot = "";
			targets = (
				2921E6B11CCAE6BC00D00DB9 /* Lab1_ECE158B */,
				2921E6C51CCAE6BC00D00DB9 /* Lab1_ECE158BTests */,
				2921E6D01CCAE6BC00D00DB9 /* Lab1_ECE158BUITests */,
			);
		};
/* End PBXProject section */

/* Begin PBXResourcesBuildPhase section */
		2921E6B01CCAE6BC00D00DB9 /* Resources */ = {
			isa = PBXResourcesBuildPhase;
			buildActionMask = 2147483647;
			files = (
				2921E6C01CCAE6BC00D00DB9 /* LaunchScreen.storyboard in Resources */,
				2921E6BD1CCAE6BC00D00DB9 /* Assets.xcassets in Resources */,
				2921E6BB1CCAE6BC00D00DB9 /* Main.storyboard in Resources */,
			);
			runOnlyForDeploymentPostprocessing = 0;
		};
		2921E6C41CCAE6BC00D00DB9 /* Resources */ = {
			isa = PBXResourcesBuildPhase;
			buildActionMask = 2147483647;
			files = (
			);
			runOnlyForDeploymentPostprocessing = 0;
		};
		2921E6CF1CCAE6BC00D00DB9 /* Resources */ = {
			isa = PBXResourcesBuildPhase;
			buildActionMask = 2147483647;
			files = (
			);
			runOnlyForDeploymentPostprocessing = 0;
		};
/* End PBXResourcesBuildPhase section */

/* Begin PBXSourcesBuildPhase section */
		2921E6AE1CCAE6BC00D00DB9 /* Sources */ = {
			isa = PBXSourcesBuildPhase;
			buildActionMask = 2147483647;
			files = (
				2921E6EA1CCB03DD00D00DB9 /* Players.swift in Sources */,
				2921E6B81CCAE6BC00D00DB9 /* ViewController.swift in Sources */,
				2976BBA71CE01E8F0006535D /* GamePickerViewController.swift in Sources */,
				2976BBA51CDFFBFB0006535D /* PlayerDetailsViewController.swift in Sources */,
				2921E6B61CCAE6BC00D00DB9 /* AppDelegate.swift in Sources */,
				2921E6EC1CCB045900D00DB9 /* SampleData.swift in Sources */,
				2921E6E61CCB02BB00D00DB9 /* PlayersViewController.swift in Sources */,
			);
			runOnlyForDeploymentPostprocessing = 0;
		};
		2921E6C21CCAE6BC00D00DB9 /* Sources */ = {
			isa = PBXSourcesBuildPhase;
			buildActionMask = 2147483647;
			files = (
				2921E6CB1CCAE6BC00D00DB9 /* Lab1_ECE158BTests.swift in Sources */,
			);
			runOnlyForDeploymentPostprocessing = 0;
		};
		2921E6CD1CCAE6BC00D00DB9 /* Sources */ = {
			isa = PBXSourcesBuildPhase;
			buildActionMask = 2147483647;
			files = (
				2921E6D61CCAE6BC00D00DB9 /* Lab1_ECE158BUITests.swift in Sources */,
			);
			runOnlyForDeploymentPostprocessing = 0;
		};
/* End PBXSourcesBuildPhase section */

/* Begin PBXTargetDependency section */
		2921E6C81CCAE6BC00D00DB9 /* PBXTargetDependency */ = {
			isa = PBXTargetDependency;
			target = 2921E6B11CCAE6BC00D00DB9 /* Lab1_ECE158B */;
			targetProxy = 2921E6C71CCAE6BC00D00DB9 /* PBXContainerItemProxy */;
		};
		2921E6D31CCAE6BC00D00DB9 /* PBXTargetDependency */ = {
			isa = PBXTargetDependency;
			target = 2921E6B11CCAE6BC00D00DB9 /* Lab1_ECE158B */;
			targetProxy = 2921E6D21CCAE6BC00D00DB9 /* PBXContainerItemProxy */;
		};
/* End PBXTargetDependency section */

/* Begin PBXVariantGroup section */
		2921E6B91CCAE6BC00D00DB9 /* Main.storyboard */ = {
			isa = PBXVariantGroup;
			children = (
				2921E6BA1CCAE6BC00D00DB9 /* Base */,
			);
			name = Main.storyboard;
			sourceTree = "<group>";
		};
		2921E6BE1CCAE6BC00D00DB9 /* LaunchScreen.storyboard */ = {
			isa = PBXVariantGroup;
			children = (
				2921E6BF1CCAE6BC00D00DB9 /* Base */,
			);
			name = LaunchScreen.storyboard;
			sourceTree = "<group>";
		};
/* End PBXVariantGroup section */

/* Begin XCBuildConfiguration section */
		2921E6D81CCAE6BC00D00DB9 /* Debug */ = {
			isa = XCBuildConfiguration;
			buildSettings = {
				ALWAYS_SEARCH_USER_PATHS = NO;
				CLANG_ANALYZER_NONNULL = YES;
				CLANG_CXX_LANGUAGE_STANDARD = "gnu++0x";
				CLANG_CXX_LIBRARY = "libc++";
				CLANG_ENABLE_MODULES = YES;
				CLANG_ENABLE_OBJC_ARC = YES;
				CLANG_WARN_BOOL_CONVERSION = YES;
				CLANG_WARN_CONSTANT_CONVERSION = YES;
				CLANG_WARN_DIRECT_OBJC_ISA_USAGE = YES_ERROR;
				CLANG_WARN_EMPTY_BODY = YES;
				CLANG_WARN_ENUM_CONVERSION = YES;
				CLANG_WARN_INT_CONVERSION = YES;
				CLANG_WARN_OBJC_ROOT_CLASS = YES_ERROR;
				CLANG_WARN_UNREACHABLE_CODE = YES;
				CLANG_WARN__DUPLICATE_METHOD_MATCH = YES;
				"CODE_SIGN_IDENTITY[sdk=iphoneos*]" = "iPhone Developer";
				COPY_PHASE_STRIP = NO;
				DEBUG_INFORMATION_FORMAT = dwarf;
				ENABLE_STRICT_OBJC_MSGSEND = YES;
				ENABLE_TESTABILITY = YES;
				GCC_C_LANGUAGE_STANDARD = gnu99;
				GCC_DYNAMIC_NO_PIC = NO;
				GCC_NO_COMMON_BLOCKS = YES;
				GCC_OPTIMIZATION_LEVEL = 0;
				GCC_PREPROCESSOR_DEFINITIONS = (
					"DEBUG=1",
					"$(inherited)",
				);
				GCC_WARN_64_TO_32_BIT_CONVERSION = YES;
				GCC_WARN_ABOUT_RETURN_TYPE = YES_ERROR;
				GCC_WARN_UNDECLARED_SELECTOR = YES;
				GCC_WARN_UNINITIALIZED_AUTOS = YES_AGGRESSIVE;
				GCC_WARN_UNUSED_FUNCTION = YES;
				GCC_WARN_UNUSED_VARIABLE = YES;
				IPHONEOS_DEPLOYMENT_TARGET = 9.3;
				MTL_ENABLE_DEBUG_INFO = YES;
				ONLY_ACTIVE_ARCH = YES;
				SDKROOT = iphoneos;
				SWIFT_OPTIMIZATION_LEVEL = "-Onone";
				TARGETED_DEVICE_FAMILY = "1,2";
			};
			name = Debug;
		};
		2921E6D91CCAE6BC00D00DB9 /* Release */ = {
			isa = XCBuildConfiguration;
			buildSettings = {
				ALWAYS_SEARCH_USER_PATHS = NO;
				CLANG_ANALYZER_NONNULL = YES;
				CLANG_CXX_LANGUAGE_STANDARD = "gnu++0x";
				CLANG_CXX_LIBRARY = "libc++";
				CLANG_ENABLE_MODULES = YES;
				CLANG_ENABLE_OBJC_ARC = YES;
				CLANG_WARN_BOOL_CONVERSION = YES;
				CLANG_WARN_CONSTANT_CONVERSION = YES;
				CLANG_WARN_DIRECT_OBJC_ISA_USAGE = YES_ERROR;
				CLANG_WARN_EMPTY_BODY = YES;
				CLANG_WARN_ENUM_CONVERSION = YES;
				CLANG_WARN_INT_CONVERSION = YES;
				CLANG_WARN_OBJC_ROOT_CLASS = YES_ERROR;
				CLANG_WARN_UNREACHABLE_CODE = YES;
				CLANG_WARN__DUPLICATE_METHOD_MATCH = YES;
				"CODE_SIGN_IDENTITY[sdk=iphoneos*]" = "iPhone Developer";
				COPY_PHASE_STRIP = NO;
				DEBUG_INFORMATION_FORMAT = "dwarf-with-dsym";
				ENABLE_NS_ASSERTIONS = NO;
				ENABLE_STRICT_OBJC_MSGSEND = YES;
				GCC_C_LANGUAGE_STANDARD = gnu99;
				GCC_NO_COMMON_BLOCKS = YES;
				GCC_WARN_64_TO_32_BIT_CONVERSION = YES;
				GCC_WARN_ABOUT_RETURN_TYPE = YES_ERROR;
				GCC_WARN_UNDECLARED_SELECTOR = YES;
				GCC_WARN_UNINITIALIZED_AUTOS = YES_AGGRESSIVE;
				GCC_WARN_UNUSED_FUNCTION = YES;
				GCC_WARN_UNUSED_VARIABLE = YES;
				IPHONEOS_DEPLOYMENT_TARGET = 9.3;
				MTL_ENABLE_DEBUG_INFO = NO;
				SDKROOT = iphoneos;
				TARGETED_DEVICE_FAMILY = "1,2";
				VALIDATE_PRODUCT = YES;
			};
			name = Release;
		};
		2921E6DB1CCAE6BC00D00DB9 /* Debug */ = {
			isa = XCBuildConfiguration;
			buildSettings = {
				ASSETCATALOG_COMPILER_APPICON_NAME = AppIcon;
				INFOPLIST_FILE = Lab1_ECE158B/Info.plist;
				LD_RUNPATH_SEARCH_PATHS = "$(inherited) @executable_path/Frameworks";
				PRODUCT_BUNDLE_IDENTIFIER = "edu.ucsd.ece158b..Lab1-ECE158B";
				PRODUCT_NAME = "$(TARGET_NAME)";
			};
			name = Debug;
		};
		2921E6DC1CCAE6BC00D00DB9 /* Release */ = {
			isa = XCBuildConfiguration;
			buildSettings = {
				ASSETCATALOG_COMPILER_APPICON_NAME = AppIcon;
				INFOPLIST_FILE = Lab1_ECE158B/Info.plist;
				LD_RUNPATH_SEARCH_PATHS = "$(inherited) @executable_path/Frameworks";
				PRODUCT_BUNDLE_IDENTIFIER = "edu.ucsd.ece158b..Lab1-ECE158B";
				PRODUCT_NAME = "$(TARGET_NAME)";
			};
			name = Release;
		};
		2921E6DE1CCAE6BC00D00DB9 /* Debug */ = {
			isa = XCBuildConfiguration;
			buildSettings = {
				BUNDLE_LOADER = "$(TEST_HOST)";
				INFOPLIST_FILE = Lab1_ECE158BTests/Info.plist;
				LD_RUNPATH_SEARCH_PATHS = "$(inherited) @executable_path/Frameworks @loader_path/Frameworks";
				PRODUCT_BUNDLE_IDENTIFIER = "edu.ucsd.ece158b..Lab1-ECE158BTests";
				PRODUCT_NAME = "$(TARGET_NAME)";
				TEST_HOST = "$(BUILT_PRODUCTS_DIR)/Lab1_ECE158B.app/Lab1_ECE158B";
			};
			name = Debug;
		};
		2921E6DF1CCAE6BC00D00DB9 /* Release */ = {
			isa = XCBuildConfiguration;
			buildSettings = {
				BUNDLE_LOADER = "$(TEST_HOST)";
				INFOPLIST_FILE = Lab1_ECE158BTests/Info.plist;
				LD_RUNPATH_SEARCH_PATHS = "$(inherited) @executable_path/Frameworks @loader_path/Frameworks";
				PRODUCT_BUNDLE_IDENTIFIER = "edu.ucsd.ece158b..Lab1-ECE158BTests";
				PRODUCT_NAME = "$(TARGET_NAME)";
				TEST_HOST = "$(BUILT_PRODUCTS_DIR)/Lab1_ECE158B.app/Lab1_ECE158B";
			};
			name = Release;
		};
		2921E6E11CCAE6BC00D00DB9 /* Debug */ = {
			isa = XCBuildConfiguration;
			buildSettings = {
				INFOPLIST_FILE = Lab1_ECE158BUITests/Info.plist;
				LD_RUNPATH_SEARCH_PATHS = "$(inherited) @executable_path/Frameworks @loader_path/Frameworks";
				PRODUCT_BUNDLE_IDENTIFIER = "edu.ucsd.ece158b..Lab1-ECE158BUITests";
				PRODUCT_NAME = "$(TARGET_NAME)";
				TEST_TARGET_NAME = Lab1_ECE158B;
			};
			name = Debug;
		};
		2921E6E21CCAE6BC00D00DB9 /* Release */ = {
			isa = XCBuildConfiguration;
			buildSettings = {
				INFOPLIST_FILE = Lab1_ECE158BUITests/Info.plist;
				LD_RUNPATH_SEARCH_PATHS = "$(inherited) @executable_path/Frameworks @loader_path/Frameworks";
				PRODUCT_BUNDLE_IDENTIFIER = "edu.ucsd.ece158b..Lab1-ECE158BUITests";
				PRODUCT_NAME = "$(TARGET_NAME)";
				TEST_TARGET_NAME = Lab1_ECE158B;
			};
			name = Release;
		};
/* End XCBuildConfiguration section */

/* Begin XCConfigurationList section */
		2921E6AD1CCAE6BC00D00DB9 /* Build configuration list for PBXProject "Lab1_ECE158B" */ = {
			isa = XCConfigurationList;
			buildConfigurations = (
				2921E6D81CCAE6BC00D00DB9 /* Debug */,
				2921E6D91CCAE6BC00D00DB9 /* Release */,
			);
			defaultConfigurationIsVisible = 0;
			defaultConfigurationName = Release;
		};
		2921E6DA1CCAE6BC00D00DB9 /* Build configuration list for PBXNativeTarget "Lab1_ECE158B" */ = {
			isa = XCConfigurationList;
			buildConfigurations = (
				2921E6DB1CCAE6BC00D00DB9 /* Debug */,
				2921E6DC1CCAE6BC00D00DB9 /* Release */,
			);
			defaultConfigurationIsVisible = 0;
			defaultConfigurationName = Release;
		};
		2921E6DD1CCAE6BC00D00DB9 /* Build configuration list for PBXNativeTarget "Lab1_ECE158BTests" */ = {
			isa = XCConfigurationList;
			buildConfigurations = (
				2921E6DE1CCAE6BC00D00DB9 /* Debug */,
				2921E6DF1CCAE6BC00D00DB9 /* Release */,
			);
			defaultConfigurationIsVisible = 0;
			defaultConfigurationName = Release;
		};
		2921E6E01CCAE6BC00D00DB9 /* Build configuration list for PBXNativeTarget "Lab1_ECE158BUITests" */ = {
			isa = XCConfigurationList;
			buildConfigurations = (
				2921E6E11CCAE6BC00D00DB9 /* Debug */,
				2921E6E21CCAE6BC00D00DB9 /* Release */,
			);
			defaultConfigurationIsVisible = 0;
			defaultConfigurationName = Release;
		};
/* End XCConfigurationList section */
	};
	rootObject = 2921E6AA1CCAE6BC00D00DB9 /* Project object */;
}
